
Microsoft Visual Studio Solution File, Format Version 12.00
# Visual Studio Version 16
VisualStudioVersion = 16.0.29613.14
MinimumVisualStudioVersion = 10.0.40219.1
Project("{FAE04EC0-301F-11D3-BF4B-00C04F79EFBC}") = "Picture Format Converter", "Picture Format Converter.csproj", "{46ADD4FF-500C-47B1-8B7E-1E38A2B35783}"
EndProject
Global
	GlobalSection(SolutionConfigurationPlatforms) = preSolution
		Debug|Any CPU = Debug|Any CPU
		Release|Any CPU = Release|Any CPU
	EndGlobalSection
	GlobalSection(ProjectConfigurationPlatforms) = postSolution
		{46ADD4FF-500C-47B1-8B7E-1E38A2B35783}.Debug|Any CPU.ActiveCfg = Debug|Any CPU
		{46ADD4FF-500C-47B1-8B7E-1E38A2B35783}.Debug|Any CPU.Build.0 = Debug|Any CPU
		{46ADD4FF-500C-47B1-8B7E-1E38A2B35783}.Release|Any CPU.ActiveCfg = Release|Any CPU
		{46ADD4FF-500C-47B1-8B7E-1E38A2B35783}.Release|Any CPU.Build.0 = Release|Any CPU
	EndGlobalSection
	GlobalSection(SolutionProperties) = preSolution
		HideSolutionNode = FALSE
	EndGlobalSection
	GlobalSection(ExtensibilityGlobals) = postSolution
		SolutionGuid = {967168D1-5ABE-4B20-A6D6-AF2558CC4F2E}
	EndGlobalSection
EndGlobal
